<?xml version="1.0" encoding="utf-8"?>
<Project ToolsVersion="4.0" xmlns="http://schemas.microsoft.com/developer/msbuild/2003">
  <ItemGroup>
    <Filter Include="ソース ファイル">
      <UniqueIdentifier>{4FC737F1-C7A5-4376-A066-2A32D752A2FF}</UniqueIdentifier>
      <Extensions>cpp;c;cc;cxx;c++;def;odl;idl;hpj;bat;asm;asmx</Extensions>
    </Filter>
    <Filter Include="System">
      <UniqueIdentifier>{6d461dcc-96bf-4293-a8ee-4722029cc662}</UniqueIdentifier>
    </Filter>
    <Filter Include="Utility">
      <UniqueIdentifier>{9808d3dd-dad2-4c03-9622-918a69d59b4b}</UniqueIdentifier>
    </Filter>
    <Filter Include="ShogiPiece">
      <UniqueIdentifier>{fb4d16ef-edf6-4195-92c8-b2b3f8aa4840}</UniqueIdentifier>
    </Filter>
    <Filter Include="ShogiPiece\Pawn">
      <UniqueIdentifier>{73787a50-d388-46a8-96b2-0161d43557ec}</UniqueIdentifier>
    </Filter>
    <Filter Include="ShogiPiece\Gold">
      <UniqueIdentifier>{9a063e72-0538-474e-8052-88ee8395fb8a}</UniqueIdentifier>
    </Filter>
    <Filter Include="ShogiPiece\King">
      <UniqueIdentifier>{d47f6be1-7731-4f9a-8921-1f3fe66416de}</UniqueIdentifier>
    </Filter>
    <Filter Include="ShogiPiece\Knight">
      <UniqueIdentifier>{68807559-9d91-432b-b296-6722266c533b}</UniqueIdentifier>
    </Filter>
    <Filter Include="ShogiObject">
      <UniqueIdentifier>{dde88baa-5437-44d1-bde6-66bafb7ca3aa}</UniqueIdentifier>
    </Filter>
    <Filter Include="ShogiObject\ShogiBord">
      <UniqueIdentifier>{d39b1b18-7907-430f-b513-2eb13eabf629}</UniqueIdentifier>
    </Filter>
    <Filter Include="ShogiObject\ShogiPlayer">
      <UniqueIdentifier>{8355af0d-acf9-4e3f-8325-339ba205096d}</UniqueIdentifier>
    </Filter>
    <Filter Include="ShogiScene">
      <UniqueIdentifier>{6d185a9f-0591-4b5e-b3b3-e6ad345a9f1d}</UniqueIdentifier>
    </Filter>
    <Filter Include="ShogiScene\GameScene">
      <UniqueIdentifier>{df25bd8b-69f8-414d-8025-d85312a56647}</UniqueIdentifier>
    </Filter>
    <Filter Include="ShogiScene\SelectScene">
      <UniqueIdentifier>{f9d59e7d-4302-4f4f-84e4-9951e8849f7e}</UniqueIdentifier>
    </Filter>
    <Filter Include="ShogiScene\ResultScene">
      <UniqueIdentifier>{0a30fda4-a55c-465b-ac45-262565783d2b}</UniqueIdentifier>
    </Filter>
  </ItemGroup>
  <ItemGroup>
    <ClCompile Include="Main.cpp">
      <Filter>ソース ファイル</Filter>
    </ClCompile>
    <ClCompile Include="Game\ShogiGame.cpp">
      <Filter>ソース ファイル</Filter>
    </ClCompile>
    <ClCompile Include="System\Drawer.cpp">
      <Filter>ソース ファイル</Filter>
    </ClCompile>
    <ClCompile Include="System\Input.cpp">
      <Filter>ソース ファイル</Filter>
    </ClCompile>
    <ClCompile Include="Object\Bord\PieceOfBoard.cpp">
      <Filter>ソース ファイル</Filter>
    </ClCompile>
    <ClCompile Include="Object\Bord\ShogiBoard.cpp">
      <Filter>ソース ファイル</Filter>
    </ClCompile>
    <ClCompile Include="Object\Piece\Gold\ShogiPieceGold.cpp">
      <Filter>ソース ファイル</Filter>
    </ClCompile>
    <ClCompile Include="Object\Piece\King\ShogiPieceKing.cpp">
      <Filter>ソース ファイル</Filter>
    </ClCompile>
    <ClCompile Include="Object\Piece\Knight\ShogiPieceKnight.cpp">
      <Filter>ソース ファイル</Filter>
    </ClCompile>
    <ClCompile Include="Object\Piece\Pawn\ShogiPiecePawn.cpp">
      <Filter>ソース ファイル</Filter>
    </ClCompile>
    <ClCompile Include="Object\Piece\ShogiPieceBase.cpp">
      <Filter>ソース ファイル</Filter>
    </ClCompile>
    <ClCompile Include="Object\ShogiPlayer\NPC\ShogiPlayerNPC.cpp">
      <Filter>ソース ファイル</Filter>
    </ClCompile>
    <ClCompile Include="Object\ShogiPlayer\PC\ShogiPlayerPC.cpp">
      <Filter>ソース ファイル</Filter>
    </ClCompile>
    <ClCompile Include="Object\ShogiPlayer\ShogiPlayerBase.cpp">
      <Filter>ソース ファイル</Filter>
    </ClCompile>
    <ClCompile Include="Scene\GameScene\ShogiGameScene.cpp">
      <Filter>ソース ファイル</Filter>
    </ClCompile>
    <ClCompile Include="Scene\ResultScene\ShogiResultScene.cpp">
      <Filter>ソース ファイル</Filter>
    </ClCompile>
    <ClCompile Include="Scene\SelectScene\ShogiSelectScene.cpp">
      <Filter>ソース ファイル</Filter>
    </ClCompile>
  </ItemGroup>
  <ItemGroup>
    <ClInclude Include="System\Drawer.h" />
    <ClInclude Include="System\Input.h" />
    <ClInclude Include="Utility\IVec2.h" />
    <ClInclude Include="Object\Bord\PieceOfBoard.h" />
    <ClInclude Include="Object\Bord\ShogiBoard.h" />
    <ClInclude Include="Object\Piece\Gold\ShogiPieceGold.h" />
    <ClInclude Include="Object\Piece\King\ShogiPieceKing.h" />
    <ClInclude Include="Object\Piece\Knight\ShogiPieceKnight.h" />
    <ClInclude Include="Object\Piece\Pawn\ShogiPiecePawn.h" />
    <ClInclude Include="Object\Piece\ShogiPieceBase.h" />
    <ClInclude Include="Object\ShogiPlayer\NPC\ShogiPlayerNPC.h" />
    <ClInclude Include="Object\ShogiPlayer\PC\ShogiPlayerPC.h" />
    <ClInclude Include="Object\ShogiPlayer\ShogiPlayerBase.h" />
    <ClInclude Include="Object\Definition.h" />
    <ClInclude Include="Scene\GameScene\ShogiGameScene.h" />
    <ClInclude Include="Scene\ResultScene\ShogiResultScene.h" />
    <ClInclude Include="Scene\ShogiSceneBase.h" />
    <ClInclude Include="Scene\SelectScene\ShogiSelectScene.h" />
    <ClInclude Include="Game\ShogiGame.h" />
    <ClInclude Include="Object\Cursor.h" />
  </ItemGroup>
</Project>